
Microsoft Visual Studio Solution File, Format Version 12.00
# Visual Studio Version 17
VisualStudioVersion = 17.1.32421.90
MinimumVisualStudioVersion = 10.0.40219.1
Project("{FAE04EC0-301F-11D3-BF4B-00C04F79EFBC}") = "MPInt_lab2", "MPInt_lab2\MPInt_lab2.csproj", "{A6DE18CF-FDAC-49A4-B431-6B32E115FCCB}"
EndProject
Global
	GlobalSection(SolutionConfigurationPlatforms) = preSolution
		Debug|Any CPU = Debug|Any CPU
		Release|Any CPU = Release|Any CPU
	EndGlobalSection
	GlobalSection(ProjectConfigurationPlatforms) = postSolution
		{A6DE18CF-FDAC-49A4-B431-6B32E115FCCB}.Debug|Any CPU.ActiveCfg = Debug|Any CPU
		{A6DE18CF-FDAC-49A4-B431-6B32E115FCCB}.Debug|Any CPU.Build.0 = Debug|Any CPU
		{A6DE18CF-FDAC-49A4-B431-6B32E115FCCB}.Release|Any CPU.ActiveCfg = Release|Any CPU
		{A6DE18CF-FDAC-49A4-B431-6B32E115FCCB}.Release|Any CPU.Build.0 = Release|Any CPU
	EndGlobalSection
	GlobalSection(SolutionProperties) = preSolution
		HideSolutionNode = FALSE
	EndGlobalSection
	GlobalSection(ExtensibilityGlobals) = postSolution
		SolutionGuid = {FBC93EA3-4F7B-46D0-93F1-C902CB5B50A0}
	EndGlobalSection
EndGlobal
